
Microsoft Visual Studio Solution File, Format Version 12.00
# Visual Studio Version 17
VisualStudioVersion = 17.3.32929.385
MinimumVisualStudioVersion = 10.0.40219.1
Project("{9A19103F-16F7-4668-BE54-9A1E7A4F7556}") = "AirBNB", "ConsoleApp1\AirBNB.csproj", "{E3421B8C-C524-4A31-B207-42BC60F3CEE6}"
EndProject
Global
	GlobalSection(SolutionConfigurationPlatforms) = preSolution
		Debug|Any CPU = Debug|Any CPU
		Release|Any CPU = Release|Any CPU
	EndGlobalSection
	GlobalSection(ProjectConfigurationPlatforms) = postSolution
		{E3421B8C-C524-4A31-B207-42BC60F3CEE6}.Debug|Any CPU.ActiveCfg = Debug|Any CPU
		{E3421B8C-C524-4A31-B207-42BC60F3CEE6}.Debug|Any CPU.Build.0 = Debug|Any CPU
		{E3421B8C-C524-4A31-B207-42BC60F3CEE6}.Release|Any CPU.ActiveCfg = Release|Any CPU
		{E3421B8C-C524-4A31-B207-42BC60F3CEE6}.Release|Any CPU.Build.0 = Release|Any CPU
	EndGlobalSection
	GlobalSection(SolutionProperties) = preSolution
		HideSolutionNode = FALSE
	EndGlobalSection
	GlobalSection(ExtensibilityGlobals) = postSolution
		SolutionGuid = {C4329309-5DB5-462F-8FB1-7F471A9A92DE}
	EndGlobalSection
EndGlobal
